{
    "_meta": {
        "hash": {
            "sha256": "20a9bbbb56b8523bc2a1db10a169fb3b274b7e0a90f5f642a67c9b0fd9663358"
        },
        "pipfile-spec": 6,
        "requires": {
            "python_version": "3.8"
        },
        "sources": [
            {
                "name": "pypi",
                "url": "https://pypi.org/simple",
                "verify_ssl": true
            }
        ]
    },
    "default": {
        "beautifulsoup4": {
            "hashes": [
                "sha256:58d5c3d29f5a36ffeb94f02f0d786cd53014cf9b3b3951d42e0080d8a9498d30",
                "sha256:ad9aa55b65ef2808eb405f46cf74df7fcb7044d5cbc26487f96eb2ef2e436693"
            ],
            "index": "pypi",
            "markers": "python_full_version >= '3.6.0'",
            "version": "==4.11.1"
        },
        "certifi": {
            "hashes": [
                "sha256:922820b53db7a7257ffbda3f597266d435245903d80737e34f8a45ff3e3230d8",
                "sha256:bec941d2aa8195e248a60b31ff9f0558284cf01a52591ceda73ea9afffd69fd9"
            ],
            "markers": "python_version >= '3.6'",
            "version": "==2024.8.30"
        },
        "charset-normalizer": {
            "hashes": [
                "sha256:06435b539f889b1f6f4ac1758871aae42dc3a8c0e24ac9e60c2384973ad73027",
                "sha256:06a81e93cd441c56a9b65d8e1d043daeb97a3d0856d177d5c90ba85acb3db087",
                "sha256:0a55554a2fa0d408816b3b5cedf0045f4b8e1a6065aec45849de2d6f3f8e9786",
                "sha256:0b2b64d2bb6d3fb9112bafa732def486049e63de9618b5843bcdd081d8144cd8",
                "sha256:10955842570876604d404661fbccbc9c7e684caf432c09c715ec38fbae45ae09",
                "sha256:122c7fa62b130ed55f8f285bfd56d5f4b4a5b503609d181f9ad85e55c89f4185",
                "sha256:1ceae2f17a9c33cb48e3263960dc5fc8005351ee19db217e9b1bb15d28c02574",
                "sha256:1d3193f4a680c64b4b6a9115943538edb896edc190f0b222e73761716519268e",
                "sha256:1f79682fbe303db92bc2b1136016a38a42e835d932bab5b3b1bfcfbf0640e519",
                "sha256:2127566c664442652f024c837091890cb1942c30937add288223dc895793f898",
                "sha256:22afcb9f253dac0696b5a4be4a1c0f8762f8239e21b99680099abd9b2b1b2269",
                "sha256:25baf083bf6f6b341f4121c2f3c548875ee6f5339300e08be3f2b2ba1721cdd3",
                "sha256:2e81c7b9c8979ce92ed306c249d46894776a909505d8f5a4ba55b14206e3222f",
                "sha256:3287761bc4ee9e33561a7e058c72ac0938c4f57fe49a09eae428fd88aafe7bb6",
                "sha256:34d1c8da1e78d2e001f363791c98a272bb734000fcef47a491c1e3b0505657a8",
                "sha256:37e55c8e51c236f95b033f6fb391d7d7970ba5fe7ff453dad675e88cf303377a",
                "sha256:3d47fa203a7bd9c5b6cee4736ee84ca03b8ef23193c0d1ca99b5089f72645c73",
                "sha256:3e4d1f6587322d2788836a99c69062fbb091331ec940e02d12d179c1d53e25fc",
                "sha256:42cb296636fcc8b0644486d15c12376cb9fa75443e00fb25de0b8602e64c1714",
                "sha256:45485e01ff4d3630ec0d9617310448a8702f70e9c01906b0d0118bdf9d124cf2",
                "sha256:4a78b2b446bd7c934f5dcedc588903fb2f5eec172f3d29e52a9096a43722adfc",
                "sha256:4ab2fe47fae9e0f9dee8c04187ce5d09f48eabe611be8259444906793ab7cbce",
                "sha256:4d0d1650369165a14e14e1e47b372cfcb31d6ab44e6e33cb2d4e57265290044d",
                "sha256:549a3a73da901d5bc3ce8d24e0600d1fa85524c10287f6004fbab87672bf3e1e",
                "sha256:55086ee1064215781fff39a1af09518bc9255b50d6333f2e4c74ca09fac6a8f6",
                "sha256:572c3763a264ba47b3cf708a44ce965d98555f618ca42c926a9c1616d8f34269",
                "sha256:573f6eac48f4769d667c4442081b1794f52919e7edada77495aaed9236d13a96",
                "sha256:5b4c145409bef602a690e7cfad0a15a55c13320ff7a3ad7ca59c13bb8ba4d45d",
                "sha256:6463effa3186ea09411d50efc7d85360b38d5f09b870c48e4600f63af490e56a",
                "sha256:65f6f63034100ead094b8744b3b97965785388f308a64cf8d7c34f2f2e5be0c4",
                "sha256:663946639d296df6a2bb2aa51b60a2454ca1cb29835324c640dafb5ff2131a77",
                "sha256:6897af51655e3691ff853668779c7bad41579facacf5fd7253b0133308cf000d",
                "sha256:68d1f8a9e9e37c1223b656399be5d6b448dea850bed7d0f87a8311f1ff3dabb0",
                "sha256:6ac7ffc7ad6d040517be39eb591cac5ff87416c2537df6ba3cba3bae290c0fed",
                "sha256:6b3251890fff30ee142c44144871185dbe13b11bab478a88887a639655be1068",
                "sha256:6c4caeef8fa63d06bd437cd4bdcf3ffefe6738fb1b25951440d80dc7df8c03ac",
                "sha256:6ef1d82a3af9d3eecdba2321dc1b3c238245d890843e040e41e470ffa64c3e25",
                "sha256:753f10e867343b4511128c6ed8c82f7bec3bd026875576dfd88483c5c73b2fd8",
                "sha256:7cd13a2e3ddeed6913a65e66e94b51d80a041145a026c27e6bb76c31a853c6ab",
                "sha256:7ed9e526742851e8d5cc9e6cf41427dfc6068d4f5a3bb03659444b4cabf6bc26",
                "sha256:7f04c839ed0b6b98b1a7501a002144b76c18fb1c1850c8b98d458ac269e26ed2",
                "sha256:802fe99cca7457642125a8a88a084cef28ff0cf9407060f7b93dca5aa25480db",
                "sha256:80402cd6ee291dcb72644d6eac93785fe2c8b9cb30893c1af5b8fdd753b9d40f",
                "sha256:8465322196c8b4d7ab6d1e049e4c5cb460d0394da4a27d23cc242fbf0034b6b5",
                "sha256:86216b5cee4b06df986d214f664305142d9c76df9b6512be2738aa72a2048f99",
                "sha256:87d1351268731db79e0f8e745d92493ee2841c974128ef629dc518b937d9194c",
                "sha256:8bdb58ff7ba23002a4c5808d608e4e6c687175724f54a5dade5fa8c67b604e4d",
                "sha256:8c622a5fe39a48f78944a87d4fb8a53ee07344641b0562c540d840748571b811",
                "sha256:8d756e44e94489e49571086ef83b2bb8ce311e730092d2c34ca8f7d925cb20aa",
                "sha256:8f4a014bc36d3c57402e2977dada34f9c12300af536839dc38c0beab8878f38a",
                "sha256:9063e24fdb1e498ab71cb7419e24622516c4a04476b17a2dab57e8baa30d6e03",
                "sha256:90d558489962fd4918143277a773316e56c72da56ec7aa3dc3dbbe20fdfed15b",
                "sha256:923c0c831b7cfcb071580d3f46c4baf50f174be571576556269530f4bbd79d04",
                "sha256:95f2a5796329323b8f0512e09dbb7a1860c46a39da62ecb2324f116fa8fdc85c",
                "sha256:96b02a3dc4381e5494fad39be677abcb5e6634bf7b4fa83a6dd3112607547001",
                "sha256:9f96df6923e21816da7e0ad3fd47dd8f94b2a5ce594e00677c0013018b813458",
                "sha256:a10af20b82360ab00827f916a6058451b723b4e65030c5a18577c8b2de5b3389",
                "sha256:a50aebfa173e157099939b17f18600f72f84eed3049e743b68ad15bd69b6bf99",
                "sha256:a981a536974bbc7a512cf44ed14938cf01030a99e9b3a06dd59578882f06f985",
                "sha256:a9a8e9031d613fd2009c182b69c7b2c1ef8239a0efb1df3f7c8da66d5dd3d537",
                "sha256:ae5f4161f18c61806f411a13b0310bea87f987c7d2ecdbdaad0e94eb2e404238",
                "sha256:aed38f6e4fb3f5d6bf81bfa990a07806be9d83cf7bacef998ab1a9bd660a581f",
                "sha256:b01b88d45a6fcb69667cd6d2f7a9aeb4bf53760d7fc536bf679ec94fe9f3ff3d",
                "sha256:b261ccdec7821281dade748d088bb6e9b69e6d15b30652b74cbbac25e280b796",
                "sha256:b2b0a0c0517616b6869869f8c581d4eb2dd83a4d79e0ebcb7d373ef9956aeb0a",
                "sha256:b4a23f61ce87adf89be746c8a8974fe1c823c891d8f86eb218bb957c924bb143",
                "sha256:bd8f7df7d12c2db9fab40bdd87a7c09b1530128315d047a086fa3ae3435cb3a8",
                "sha256:beb58fe5cdb101e3a055192ac291b7a21e3b7ef4f67fa1d74e331a7f2124341c",
                "sha256:c002b4ffc0be611f0d9da932eb0f704fe2602a9a949d1f738e4c34c75b0863d5",
                "sha256:c083af607d2515612056a31f0a8d9e0fcb5876b7bfc0abad3ecd275bc4ebc2d5",
                "sha256:c180f51afb394e165eafe4ac2936a14bee3eb10debc9d9e4db8958fe36afe711",
                "sha256:c235ebd9baae02f1b77bcea61bce332cb4331dc3617d254df3323aa01ab47bd4",
                "sha256:cd70574b12bb8a4d2aaa0094515df2463cb429d8536cfb6c7ce983246983e5a6",
                "sha256:d0eccceffcb53201b5bfebb52600a5fb483a20b61da9dbc885f8b103cbe7598c",
                "sha256:d965bba47ddeec8cd560687584e88cf699fd28f192ceb452d1d7ee807c5597b7",
                "sha256:db364eca23f876da6f9e16c9da0df51aa4f104a972735574842618b8c6d999d4",
                "sha256:ddbb2551d7e0102e7252db79ba445cdab71b26640817ab1e3e3648dad515003b",
                "sha256:deb6be0ac38ece9ba87dea880e438f25ca3eddfac8b002a2ec3d9183a454e8ae",
                "sha256:e06ed3eb3218bc64786f7db41917d4e686cc4856944f53d5bdf83a6884432e12",
                "sha256:e27ad930a842b4c5eb8ac0016b0a54f5aebbe679340c26101df33424142c143c",
                "sha256:e537484df0d8f426ce2afb2d0f8e1c3d0b114b83f8850e5f2fbea0e797bd82ae",
                "sha256:eb00ed941194665c332bf8e078baf037d6c35d7c4f3102ea2d4f16ca94a26dc8",
                "sha256:eb6904c354526e758fda7167b33005998fb68c46fbc10e013ca97f21ca5c8887",
                "sha256:eb8821e09e916165e160797a6c17edda0679379a4be5c716c260e836e122f54b",
                "sha256:efcb3f6676480691518c177e3b465bcddf57cea040302f9f4e6e191af91174d4",
                "sha256:f27273b60488abe721a075bcca6d7f3964f9f6f067c8c4c605743023d7d3944f",
                "sha256:f30c3cb33b24454a82faecaf01b19c18562b1e89558fb6c56de4d9118a032fd5",
                "sha256:fb69256e180cb6c8a894fee62b3afebae785babc1ee98b81cdf68bbca1987f33",
                "sha256:fd1abc0d89e30cc4e02e4064dc67fcc51bd941eb395c502aac3ec19fab46b519",
                "sha256:ff8fa367d09b717b2a17a052544193ad76cd49979c805768879cb63d9ca50561"
            ],
            "markers": "python_full_version >= '3.7.0'",
            "version": "==3.3.2"
        },
        "greenlet": {
            "hashes": [
                "sha256:02a807b2a58d5cdebb07050efe3d7deaf915468d112dfcf5e426d0564aa3aa4a",
                "sha256:0b72b802496cccbd9b31acea72b6f87e7771ccfd7f7927437d592e5c92ed703c",
                "sha256:0d3f83ffb18dc57243e0151331e3c383b05e5b6c5029ac29f754745c800f8ed9",
                "sha256:10b5582744abd9858947d163843d323d0b67be9432db50f8bf83031032bc218d",
                "sha256:123910c58234a8d40eaab595bc56a5ae49bdd90122dde5bdc012c20595a94c14",
                "sha256:1482fba7fbed96ea7842b5a7fc11d61727e8be75a077e603e8ab49d24e234383",
                "sha256:19834e3f91f485442adc1ee440171ec5d9a4840a1f7bd5ed97833544719ce10b",
                "sha256:1d363666acc21d2c204dd8705c0e0457d7b2ee7a76cb16ffc099d6799744ac99",
                "sha256:211ef8d174601b80e01436f4e6905aca341b15a566f35a10dd8d1e93f5dbb3b7",
                "sha256:269d06fa0f9624455ce08ae0179430eea61085e3cf6457f05982b37fd2cefe17",
                "sha256:2e7dcdfad252f2ca83c685b0fa9fba00e4d8f243b73839229d56ee3d9d219314",
                "sha256:334ef6ed8337bd0b58bb0ae4f7f2dcc84c9f116e474bb4ec250a8bb9bd797a66",
                "sha256:343675e0da2f3c69d3fb1e894ba0a1acf58f481f3b9372ce1eb465ef93cf6fed",
                "sha256:37f60b3a42d8b5499be910d1267b24355c495064f271cfe74bf28b17b099133c",
                "sha256:38ad562a104cd41e9d4644f46ea37167b93190c6d5e4048fcc4b80d34ecb278f",
                "sha256:3c0d36f5adc6e6100aedbc976d7428a9f7194ea79911aa4bf471f44ee13a9464",
                "sha256:3fd2b18432e7298fcbec3d39e1a0aa91ae9ea1c93356ec089421fabc3651572b",
                "sha256:4a1a6244ff96343e9994e37e5b4839f09a0207d35ef6134dce5c20d260d0302c",
                "sha256:4cd83fb8d8e17633ad534d9ac93719ef8937568d730ef07ac3a98cb520fd93e4",
                "sha256:527cd90ba3d8d7ae7dceb06fda619895768a46a1b4e423bdb24c1969823b8362",
                "sha256:56867a3b3cf26dc8a0beecdb4459c59f4c47cdd5424618c08515f682e1d46692",
                "sha256:621fcb346141ae08cb95424ebfc5b014361621b8132c48e538e34c3c93ac7365",
                "sha256:63acdc34c9cde42a6534518e32ce55c30f932b473c62c235a466469a710bfbf9",
                "sha256:6512592cc49b2c6d9b19fbaa0312124cd4c4c8a90d28473f86f92685cc5fef8e",
                "sha256:6672fdde0fd1a60b44fb1751a7779c6db487e42b0cc65e7caa6aa686874e79fb",
                "sha256:6a5b2d4cdaf1c71057ff823a19d850ed5c6c2d3686cb71f73ae4d6382aaa7a06",
                "sha256:6a68d670c8f89ff65c82b936275369e532772eebc027c3be68c6b87ad05ca695",
                "sha256:6bb36985f606a7c49916eff74ab99399cdfd09241c375d5a820bb855dfb4af9f",
                "sha256:73b2f1922a39d5d59cc0e597987300df3396b148a9bd10b76a058a2f2772fc04",
                "sha256:7709fd7bb02b31908dc8fd35bfd0a29fc24681d5cc9ac1d64ad07f8d2b7db62f",
                "sha256:8060b32d8586e912a7b7dac2d15b28dbbd63a174ab32f5bc6d107a1c4143f40b",
                "sha256:80dcd3c938cbcac986c5c92779db8e8ce51a89a849c135172c88ecbdc8c056b7",
                "sha256:813720bd57e193391dfe26f4871186cf460848b83df7e23e6bef698a7624b4c9",
                "sha256:831d6f35037cf18ca5e80a737a27d822d87cd922521d18ed3dbc8a6967be50ce",
                "sha256:871b0a8835f9e9d461b7fdaa1b57e3492dd45398e87324c047469ce2fc9f516c",
                "sha256:952256c2bc5b4ee8df8dfc54fc4de330970bf5d79253c863fb5e6761f00dda35",
                "sha256:96d9ea57292f636ec851a9bb961a5cc0f9976900e16e5d5647f19aa36ba6366b",
                "sha256:9a812224a5fb17a538207e8cf8e86f517df2080c8ee0f8c1ed2bdaccd18f38f4",
                "sha256:9adbd8ecf097e34ada8efde9b6fec4dd2a903b1e98037adf72d12993a1c80b51",
                "sha256:9de687479faec7db5b198cc365bc34addd256b0028956501f4d4d5e9ca2e240a",
                "sha256:a048293392d4e058298710a54dfaefcefdf49d287cd33fb1f7d63d55426e4355",
                "sha256:aa15a2ec737cb609ed48902b45c5e4ff6044feb5dcdfcf6fa8482379190330d7",
                "sha256:abe1ef3d780de56defd0c77c5ba95e152f4e4c4e12d7e11dd8447d338b85a625",
                "sha256:ad6fb737e46b8bd63156b8f59ba6cdef46fe2b7db0c5804388a2d0519b8ddb99",
                "sha256:b1660a15a446206c8545edc292ab5c48b91ff732f91b3d3b30d9a915d5ec4779",
                "sha256:b505fcfc26f4148551826a96f7317e02c400665fa0883fe505d4fcaab1dabfdd",
                "sha256:b822fab253ac0f330ee807e7485769e3ac85d5eef827ca224feaaefa462dc0d0",
                "sha256:bdd696947cd695924aecb3870660b7545a19851f93b9d327ef8236bfc49be705",
                "sha256:bdfaeecf8cc705d35d8e6de324bf58427d7eafb55f67050d8f28053a3d57118c",
                "sha256:be557119bf467d37a8099d91fbf11b2de5eb1fd5fc5b91598407574848dc910f",
                "sha256:c6b5ce7f40f0e2f8b88c28e6691ca6806814157ff05e794cdd161be928550f4c",
                "sha256:c94e4e924d09b5a3e37b853fe5924a95eac058cb6f6fb437ebb588b7eda79870",
                "sha256:cc3e2679ea13b4de79bdc44b25a0c4fcd5e94e21b8f290791744ac42d34a0353",
                "sha256:d1e22c22f7826096ad503e9bb681b05b8c1f5a8138469b255eb91f26a76634f2",
                "sha256:d5539f6da3418c3dc002739cb2bb8d169056aa66e0c83f6bacae0cd3ac26b423",
                "sha256:d55db1db455c59b46f794346efce896e754b8942817f46a1bada2d29446e305a",
                "sha256:e09dea87cc91aea5500262993cbd484b41edf8af74f976719dd83fe724644cd6",
                "sha256:e52a712c38e5fb4fd68e00dc3caf00b60cb65634d50e32281a9d6431b33b4af1",
                "sha256:e693e759e172fa1c2c90d35dea4acbdd1d609b6936115d3739148d5e4cd11947",
                "sha256:ecf94aa539e97a8411b5ea52fc6ccd8371be9550c4041011a091eb8b3ca1d810",
                "sha256:f351479a6914fd81a55c8e68963609f792d9b067fb8a60a042c585a621e0de4f",
                "sha256:f47932c434a3c8d3c86d865443fadc1fbf574e9b11d6650b656e602b1797908a"
            ],
            "markers": "platform_machine == 'aarch64' or (platform_machine == 'ppc64le' or (platform_machine == 'x86_64' or (platform_machine == 'amd64' or (platform_machine == 'AMD64' or (platform_machine == 'win32' or platform_machine == 'WIN32')))))",
            "version": "==3.0.0"
        },
        "idna": {
            "hashes": [
                "sha256:12f65c9b470abda6dc35cf8e63cc574b1c52b11df2c86030af0ac09b01b13ea9",
                "sha256:946d195a0d259cbba61165e88e65941f16e9b36ea6ddb97f00452bae8b1287d3"
            ],
            "markers": "python_version >= '3.6'",
            "version": "==3.10"
        },
        "lxml": {
            "hashes": [
                "sha256:04da965dfebb5dac2619cb90fcf93efdb35b3c6994fea58a157a834f2f94b318",
                "sha256:0538747a9d7827ce3e16a8fdd201a99e661c7dee3c96c885d8ecba3c35d1032c",
                "sha256:0645e934e940107e2fdbe7c5b6fb8ec6232444260752598bc4d09511bd056c0b",
                "sha256:079b68f197c796e42aa80b1f739f058dcee796dc725cc9a1be0cdb08fc45b000",
                "sha256:0f3f0059891d3254c7b5fb935330d6db38d6519ecd238ca4fce93c234b4a0f73",
                "sha256:10d2017f9150248563bb579cd0d07c61c58da85c922b780060dcc9a3aa9f432d",
                "sha256:1355755b62c28950f9ce123c7a41460ed9743c699905cbe664a5bcc5c9c7c7fb",
                "sha256:13c90064b224e10c14dcdf8086688d3f0e612db53766e7478d7754703295c7c8",
                "sha256:1423631e3d51008871299525b541413c9b6c6423593e89f9c4cfbe8460afc0a2",
                "sha256:1436cf0063bba7888e43f1ba8d58824f085410ea2025befe81150aceb123e345",
                "sha256:1a7c59c6ffd6ef5db362b798f350e24ab2cfa5700d53ac6681918f314a4d3b94",
                "sha256:1e1cf47774373777936c5aabad489fef7b1c087dcd1f426b621fda9dcc12994e",
                "sha256:206a51077773c6c5d2ce1991327cda719063a47adc02bd703c56a662cdb6c58b",
                "sha256:21fb3d24ab430fc538a96e9fbb9b150029914805d551deeac7d7822f64631dfc",
                "sha256:27e590352c76156f50f538dbcebd1925317a0f70540f7dc8c97d2931c595783a",
                "sha256:287605bede6bd36e930577c5925fcea17cb30453d96a7b4c63c14a257118dbb9",
                "sha256:2aaf6a0a6465d39b5ca69688fce82d20088c1838534982996ec46633dc7ad6cc",
                "sha256:32a73c53783becdb7eaf75a2a1525ea8e49379fb7248c3eeefb9412123536387",
                "sha256:41fb58868b816c202e8881fd0f179a4644ce6e7cbbb248ef0283a34b73ec73bb",
                "sha256:4780677767dd52b99f0af1f123bc2c22873d30b474aa0e2fc3fe5e02217687c7",
                "sha256:4878e667ebabe9b65e785ac8da4d48886fe81193a84bbe49f12acff8f7a383a4",
                "sha256:487c8e61d7acc50b8be82bda8c8d21d20e133c3cbf41bd8ad7eb1aaeb3f07c97",
                "sha256:4beea0f31491bc086991b97517b9683e5cfb369205dac0148ef685ac12a20a67",
                "sha256:4cfbe42c686f33944e12f45a27d25a492cc0e43e1dc1da5d6a87cbcaf2e95627",
                "sha256:4d5bae0a37af799207140652a700f21a85946f107a199bcb06720b13a4f1f0b7",
                "sha256:4e285b5f2bf321fc0857b491b5028c5f276ec0c873b985d58d7748ece1d770dd",
                "sha256:57e4d637258703d14171b54203fd6822fda218c6c2658a7d30816b10995f29f3",
                "sha256:5974895115737a74a00b321e339b9c3f45c20275d226398ae79ac008d908bff7",
                "sha256:5ef87fca280fb15342726bd5f980f6faf8b84a5287fcc2d4962ea8af88b35130",
                "sha256:603a464c2e67d8a546ddaa206d98e3246e5db05594b97db844c2f0a1af37cf5b",
                "sha256:6653071f4f9bac46fbc30f3c7838b0e9063ee335908c5d61fb7a4a86c8fd2036",
                "sha256:6ca2264f341dd81e41f3fffecec6e446aa2121e0b8d026fb5130e02de1402785",
                "sha256:6d279033bf614953c3fc4a0aa9ac33a21e8044ca72d4fa8b9273fe75359d5cca",
                "sha256:6d949f53ad4fc7cf02c44d6678e7ff05ec5f5552b235b9e136bd52e9bf730b91",
                "sha256:6daa662aba22ef3258934105be2dd9afa5bb45748f4f702a3b39a5bf53a1f4dc",
                "sha256:6eafc048ea3f1b3c136c71a86db393be36b5b3d9c87b1c25204e7d397cee9536",
                "sha256:830c88747dce8a3e7525defa68afd742b4580df6aa2fdd6f0855481e3994d391",
                "sha256:86e92728ef3fc842c50a5cb1d5ba2bc66db7da08a7af53fb3da79e202d1b2cd3",
                "sha256:8caf4d16b31961e964c62194ea3e26a0e9561cdf72eecb1781458b67ec83423d",
                "sha256:8d1a92d8e90b286d491e5626af53afef2ba04da33e82e30744795c71880eaa21",
                "sha256:8f0a4d179c9a941eb80c3a63cdb495e539e064f8054230844dcf2fcb812b71d3",
                "sha256:9232b09f5efee6a495a99ae6824881940d6447debe272ea400c02e3b68aad85d",
                "sha256:927a9dd016d6033bc12e0bf5dee1dde140235fc8d0d51099353c76081c03dc29",
                "sha256:93e414e3206779ef41e5ff2448067213febf260ba747fc65389a3ddaa3fb8715",
                "sha256:98cafc618614d72b02185ac583c6f7796202062c41d2eeecdf07820bad3295ed",
                "sha256:9c3a88d20e4fe4a2a4a84bf439a5ac9c9aba400b85244c63a1ab7088f85d9d25",
                "sha256:9f36de4cd0c262dd9927886cc2305aa3f2210db437aa4fed3fb4940b8bf4592c",
                "sha256:a60f90bba4c37962cbf210f0188ecca87daafdf60271f4c6948606e4dabf8785",
                "sha256:a614e4afed58c14254e67862456d212c4dcceebab2eaa44d627c2ca04bf86837",
                "sha256:ae06c1e4bc60ee076292e582a7512f304abdf6c70db59b56745cca1684f875a4",
                "sha256:b122a188cd292c4d2fcd78d04f863b789ef43aa129b233d7c9004de08693728b",
                "sha256:b570da8cd0012f4af9fa76a5635cd31f707473e65a5a335b186069d5c7121ff2",
                "sha256:bcaa1c495ce623966d9fc8a187da80082334236a2a1c7e141763ffaf7a405067",
                "sha256:bd34f6d1810d9354dc7e35158aa6cc33456be7706df4420819af6ed966e85448",
                "sha256:be9eb06489bc975c38706902cbc6888f39e946b81383abc2838d186f0e8b6a9d",
                "sha256:c4b2e0559b68455c085fb0f6178e9752c4be3bba104d6e881eb5573b399d1eb2",
                "sha256:c62e8dd9754b7debda0c5ba59d34509c4688f853588d75b53c3791983faa96fc",
                "sha256:c852b1530083a620cb0de5f3cd6826f19862bafeaf77586f1aef326e49d95f0c",
                "sha256:d9fc0bf3ff86c17348dfc5d322f627d78273eba545db865c3cd14b3f19e57fa5",
                "sha256:dad7b164905d3e534883281c050180afcf1e230c3d4a54e8038aa5cfcf312b84",
                "sha256:e5f66bdf0976ec667fc4594d2812a00b07ed14d1b44259d19a41ae3fff99f2b8",
                "sha256:e8f0c9d65da595cfe91713bc1222af9ecabd37971762cb830dea2fc3b3bb2acf",
                "sha256:edffbe3c510d8f4bf8640e02ca019e48a9b72357318383ca60e3330c23aaffc7",
                "sha256:eea5d6443b093e1545ad0210e6cf27f920482bfcf5c77cdc8596aec73523bb7e",
                "sha256:ef72013e20dd5ba86a8ae1aed7f56f31d3374189aa8b433e7b12ad182c0d2dfb",
                "sha256:f05251bbc2145349b8d0b77c0d4e5f3b228418807b1ee27cefb11f69ed3d233b",
                "sha256:f1be258c4d3dc609e654a1dc59d37b17d7fef05df912c01fc2e15eb43a9735f3",
                "sha256:f9ced82717c7ec65a67667bb05865ffe38af0e835cdd78728f1209c8fffe0cad",
                "sha256:fe17d10b97fdf58155f858606bddb4e037b805a60ae023c009f760d8361a4eb8",
                "sha256:fe749b052bb7233fe5d072fcb549221a8cb1a16725c47c37e42b0b9cb3ff2c3f"
            ],
            "index": "pypi",
            "markers": "python_version >= '2.7' and python_version not in '3.0, 3.1, 3.2, 3.3, 3.4'",
            "version": "==4.9.1"
        },
        "requests": {
            "hashes": [
                "sha256:dd951ff5ecf3e3b3aa26b40703ba77495dab41da839ae72ef3c8e5d8e2433289",
                "sha256:fc06670dd0ed212426dfeb94fc1b983d917c4f9847c863f313c9dfaaffb7c23c"
            ],
            "index": "pypi",
            "markers": "python_version >= '3.8'",
            "version": "==2.32.2"
        },
        "soupsieve": {
            "hashes": [
                "sha256:5663d5a7b3bfaeee0bc4372e7fc48f9cff4940b3eec54a6451cc5299f1097690",
                "sha256:eaa337ff55a1579b6549dc679565eac1e3d000563bcb1c8ab0d0fefbc0c2cdc7"
            ],
            "markers": "python_version >= '3.8'",
            "version": "==2.5"
        },
        "sqlalchemy": {
            "hashes": [
                "sha256:072d2a2dc427f52f139aa56623d58a0fe6005fa8462e874d1f4d73792ac36840",
                "sha256:0b8fad88a2357a133681f02c57829b814f8d885ae8142d2386cfc0ddfb381f73",
                "sha256:0e705d1c4e2db5d68d7c6ebc0c5e4024fdbc6084ea3fcacfde567e50cbd190fe",
                "sha256:14f88537e77cdf81f1da6e4d26c4ca4a678e17919dd9e0cc1d38f3d116a4dd45",
                "sha256:23e7b8b1df02967a5ec28cdaab44f6588872793534f1c59ea68f85806aefd34a",
                "sha256:2b33677284ca985a7148f2a73552f036f03f4eadaf93656d72900c3d90acd5bf",
                "sha256:2fe925f9f0d2a03feb51f3468b2d87b24b896a553b88307eac13e846ea3c446c",
                "sha256:306368377a66cd1be18f8010d41c2c77b7aa77547c8f0a098a5177374d25e6fa",
                "sha256:3589448a8a563c0ee3d60a05f5adf78196ed1b355beb39c09dc46b47a7dde8bc",
                "sha256:3ea4ff65aec7f32c9ab17403d31280baf3dd7c13840d3886e8994da03aeed8f9",
                "sha256:3fd0abd87151bd7bd7dfef77d61d0053e3a6f0fdc23c779bf566b17b36c17deb",
                "sha256:43ff236916261e6f7c81b5262238b11f3035f144c77d99366a394757668f7c02",
                "sha256:4c58343ff48bf48723eb2a0a5e8f35e545b160219e6676fd2e6a8de55cef90e7",
                "sha256:4d5418118bd33d66e3512e0420bcc141fb5c13d7096b69314beccc184e2f6bc2",
                "sha256:56a21bb673d7f1f473c96ab313558b5467bf2e245f8390e6a0776ae1206e4966",
                "sha256:648469ce5e711ef282c3aed50ccf41553fccf85a5ac3cbf5a13fb2b43b36b14c",
                "sha256:787d8ba6763a41a5a3ea773b899e135f7f9b2fb0d042995cefae29cf609dfa3f",
                "sha256:7b7d3774c58d26e9f7230a063b7d01f55d41a49b21c1f65db468e2339bf47341",
                "sha256:97cfaea216a95bdeedc0137147c666c8220a37e608acf609ba5089a71a64daa0",
                "sha256:a1ae1f705306802bc85b7393c8c53267f411feb7adf41845aedeada18d623d7f",
                "sha256:b7037b0794e49db5050b79a19d0a6e80c46bd066ff01aadabfc0accddb9a0a04",
                "sha256:b704b6403ca0f6676440dabbf90206609f3b7062c1057889484cf7130832a325",
                "sha256:bc24834a867dbd908e549fce6532c87e4fd42004d97e51db5469bcfe267ade61",
                "sha256:bf7398d44e28f844888816ea12b86b64d41d983d05801625f5dede1e433956e1",
                "sha256:c483adc8e7d249a538b3ced4364fb766447a950acf78ff2a009dc19e862cf3b9",
                "sha256:d6482b5c49785682a437d33d12af7f502c979296dfe0981a1763096091acae9f",
                "sha256:e7fbbd565a269a813c65d0a1dee6a4907fabfc6b1b34e0aa05339f03fde84b67",
                "sha256:eb636fe90fb0da1419240eecf8947eed1d5755f3b3e83c5f07c451bac2670679",
                "sha256:f3eb6dd37743ce23186c308e5297dd13737ff94b241e7cd735ef0b25f96bcfa8",
                "sha256:f479322a2e5cfde739c4ede2b181833da3d0933cbd6cdfc34c63058eb5c18864",
                "sha256:fcd37e67e4192b5b067d3582b4ebf4552fccd9b6f474e98a1836336c67fc3a1c"
            ],
            "index": "pypi",
            "markers": "python_version >= '3.7'",
            "version": "==2.0.0b2"
        },
        "typing-extensions": {
            "hashes": [
                "sha256:8f92fc8806f9a6b641eaa5318da32b44d401efaac0f6678c9bc448ba3605faa0",
                "sha256:df8e4339e9cb77357558cbdbceca33c303714cf861d1eef15e1070055ae8b7ef"
            ],
            "markers": "python_version >= '3.8'",
            "version": "==4.8.0"
        },
        "urllib3": {
            "hashes": [
                "sha256:ca899ca043dcb1bafa3e262d73aa25c465bfb49e0bd9dd5d59f1d0acba2f8fac",
                "sha256:e7d814a81dad81e6caf2ec9fdedb284ecc9c73076b62654547cc64ccdcae26e9"
            ],
            "markers": "python_version >= '3.8'",
            "version": "==2.2.3"
        }
    },
    "develop": {
        "astroid": {
            "hashes": [
                "sha256:86b0a340a512c65abf4368b80252754cda17c02cdbbd3f587dddf98112233e7b",
                "sha256:bb24615c77f4837c707669d16907331374ae8a964650a66999da3f5ca68dc946"
            ],
            "markers": "python_full_version >= '3.6.2'",
            "version": "==2.11.7"
        },
        "dill": {
            "hashes": [
                "sha256:76b122c08ef4ce2eedcd4d1abd8e641114bfc6c2867f49f3c41facf65bf19f5e",
                "sha256:cc1c8b182eb3013e24bd475ff2e9295af86c1a38eb1aff128dac8962a9ce3c03"
            ],
            "markers": "python_version >= '3.7'",
            "version": "==0.3.7"
        },
        "isort": {
            "hashes": [
                "sha256:8bef7dde241278824a6d83f44a544709b065191b95b6e50894bdc722fcba0504",
                "sha256:f84c2818376e66cf843d497486ea8fed8700b340f308f076c6fb1229dff318b6"
            ],
            "markers": "python_full_version >= '3.8.0'",
            "version": "==5.12.0"
        },
        "lazy-object-proxy": {
            "hashes": [
                "sha256:09763491ce220c0299688940f8dc2c5d05fd1f45af1e42e636b2e8b2303e4382",
                "sha256:0a891e4e41b54fd5b8313b96399f8b0e173bbbfc03c7631f01efbe29bb0bcf82",
                "sha256:189bbd5d41ae7a498397287c408617fe5c48633e7755287b21d741f7db2706a9",
                "sha256:18b78ec83edbbeb69efdc0e9c1cb41a3b1b1ed11ddd8ded602464c3fc6020494",
                "sha256:1aa3de4088c89a1b69f8ec0dcc169aa725b0ff017899ac568fe44ddc1396df46",
                "sha256:212774e4dfa851e74d393a2370871e174d7ff0ebc980907723bb67d25c8a7c30",
                "sha256:2d0daa332786cf3bb49e10dc6a17a52f6a8f9601b4cf5c295a4f85854d61de63",
                "sha256:5f83ac4d83ef0ab017683d715ed356e30dd48a93746309c8f3517e1287523ef4",
                "sha256:659fb5809fa4629b8a1ac5106f669cfc7bef26fbb389dda53b3e010d1ac4ebae",
                "sha256:660c94ea760b3ce47d1855a30984c78327500493d396eac4dfd8bd82041b22be",
                "sha256:66a3de4a3ec06cd8af3f61b8e1ec67614fbb7c995d02fa224813cb7afefee701",
                "sha256:721532711daa7db0d8b779b0bb0318fa87af1c10d7fe5e52ef30f8eff254d0cd",
                "sha256:7322c3d6f1766d4ef1e51a465f47955f1e8123caee67dd641e67d539a534d006",
                "sha256:79a31b086e7e68b24b99b23d57723ef7e2c6d81ed21007b6281ebcd1688acb0a",
                "sha256:81fc4d08b062b535d95c9ea70dbe8a335c45c04029878e62d744bdced5141586",
                "sha256:8fa02eaab317b1e9e03f69aab1f91e120e7899b392c4fc19807a8278a07a97e8",
                "sha256:9090d8e53235aa280fc9239a86ae3ea8ac58eff66a705fa6aa2ec4968b95c821",
                "sha256:946d27deaff6cf8452ed0dba83ba38839a87f4f7a9732e8f9fd4107b21e6ff07",
                "sha256:9990d8e71b9f6488e91ad25f322898c136b008d87bf852ff65391b004da5e17b",
                "sha256:9cd077f3d04a58e83d04b20e334f678c2b0ff9879b9375ed107d5d07ff160171",
                "sha256:9e7551208b2aded9c1447453ee366f1c4070602b3d932ace044715d89666899b",
                "sha256:9f5fa4a61ce2438267163891961cfd5e32ec97a2c444e5b842d574251ade27d2",
                "sha256:b40387277b0ed2d0602b8293b94d7257e17d1479e257b4de114ea11a8cb7f2d7",
                "sha256:bfb38f9ffb53b942f2b5954e0f610f1e721ccebe9cce9025a38c8ccf4a5183a4",
                "sha256:cbf9b082426036e19c6924a9ce90c740a9861e2bdc27a4834fd0a910742ac1e8",
                "sha256:d9e25ef10a39e8afe59a5c348a4dbf29b4868ab76269f81ce1674494e2565a6e",
                "sha256:db1c1722726f47e10e0b5fdbf15ac3b8adb58c091d12b3ab713965795036985f",
                "sha256:e7c21c95cae3c05c14aafffe2865bbd5e377cfc1348c4f7751d9dc9a48ca4bda",
                "sha256:e8c6cfb338b133fbdbc5cfaa10fe3c6aeea827db80c978dbd13bc9dd8526b7d4",
                "sha256:ea806fd4c37bf7e7ad82537b0757999264d5f70c45468447bb2b91afdbe73a6e",
                "sha256:edd20c5a55acb67c7ed471fa2b5fb66cb17f61430b7a6b9c3b4a1e40293b1671",
                "sha256:f0117049dd1d5635bbff65444496c90e0baa48ea405125c088e93d9cf4525b11",
                "sha256:f0705c376533ed2a9e5e97aacdbfe04cecd71e0aa84c7c0595d02ef93b6e4455",
                "sha256:f12ad7126ae0c98d601a7ee504c1122bcef553d1d5e0c3bfa77b16b3968d2734",
                "sha256:f2457189d8257dd41ae9b434ba33298aec198e30adf2dcdaaa3a28b9994f6adb",
                "sha256:f699ac1c768270c9e384e4cbd268d6e67aebcfae6cd623b4d7c3bfde5a35db59"
            ],
            "markers": "python_version >= '3.7'",
            "version": "==1.9.0"
        },
        "mccabe": {
            "hashes": [
                "sha256:348e0240c33b60bbdf4e523192ef919f28cb2c3d7d5c7794f74009290f236325",
                "sha256:6c2d30ab6be0e4a46919781807b4f0d834ebdd6c6e3dca0bda5a15f863427b6e"
            ],
            "markers": "python_version >= '3.6'",
            "version": "==0.7.0"
        },
        "platformdirs": {
            "hashes": [
                "sha256:cf8ee52a3afdb965072dcc652433e0c7e3e40cf5ea1477cd4b3b1d2eb75495b3",
                "sha256:e9d171d00af68be50e9202731309c4e658fd8bc76f55c11c7dd760d023bda68e"
            ],
            "markers": "python_version >= '3.7'",
            "version": "==3.11.0"
        },
        "pylint": {
            "hashes": [
                "sha256:15bc7b37f2022720765247eec24c49b93dcae6c81418adc3c36621b13d946f6d",
                "sha256:add6bc6380143af0f7a1ab15b5b5f54a8d9d25afc99fc7e2d86fd66f6c3e1ad9"
            ],
            "index": "pypi",
            "markers": "python_full_version >= '3.7.2'",
            "version": "==3.0.0a5"
        },
        "setuptools": {
            "hashes": [
                "sha256:54faa7f2e8d2d11bcd2c07bed282eef1046b5c080d1c32add737d7b5817b1ad4",
                "sha256:f211a66637b8fa059bb28183da127d4e86396c991a942b028c6650d4319c3fd0"
            ],
            "index": "pypi",
            "markers": "python_version >= '3.8'",
            "version": "==70.0.0"
        },
        "tomli": {
            "hashes": [
                "sha256:939de3e7a6161af0c887ef91b7d41a53e7c5a1ca976325f429cb46ea9bc30ecc",
                "sha256:de526c12914f0c550d15924c62d72abc48d6fe7364aa87328337a31007fe8a4f"
            ],
            "markers": "python_version < '3.11'",
            "version": "==2.0.1"
        },
        "tomlkit": {
            "hashes": [
                "sha256:38e1ff8edb991273ec9f6181244a6a391ac30e9f5098e7535640ea6be97a7c86",
                "sha256:712cbd236609acc6a3e2e97253dfc52d4c2082982a88f61b640ecf0817eab899"
            ],
            "markers": "python_version >= '3.7'",
            "version": "==0.12.1"
        },
        "typing-extensions": {
            "hashes": [
                "sha256:8f92fc8806f9a6b641eaa5318da32b44d401efaac0f6678c9bc448ba3605faa0",
                "sha256:df8e4339e9cb77357558cbdbceca33c303714cf861d1eef15e1070055ae8b7ef"
            ],
            "markers": "python_version >= '3.8'",
            "version": "==4.8.0"
        },
        "wrapt": {
            "hashes": [
                "sha256:01592f7b69b0e721146eed35f0e73f64d06c4caf449d630382863e1f1709150d",
                "sha256:09695a747c4af43a50425a45badebdb932d026d6e4d57b885e328f1294a14825",
                "sha256:115970769617c7d03d23ecfa08c174f29a9bbf8da08ded204702bc34b76658ab",
                "sha256:169ae1817e18a8ae3e10796b1e0c203e04d83ca487f64e7ddb22077eae9a1915",
                "sha256:16e5d269660b7217a7a53631df87900ee8937038fae6a3adb88411b108bb8f50",
                "sha256:17e978083c577ee724c8eeb0155ed96dd7a1e50b97f30c535da1c09cda0970c9",
                "sha256:1e3df5fd073559d32ad8cf6ee10d55e956ed794c130b24c57769416a13c37a60",
                "sha256:221eca686d29b2babd09007296816fe338e502a002c965b27737d108e2ce1832",
                "sha256:228533d82158a4d25de8b3703195d5c69bae5860010c75bd01f6ab393561ea22",
                "sha256:22c6ba8b141ec9b6e34beff8429bd03cd082987dd4831d288b2931fee6c34d29",
                "sha256:2522e09d2f8fc0f1db4aafdeebe84597c078cd7d70cc56b1bbc4887870b1f24c",
                "sha256:29c20ca9bab38759a1d8fb171ad17f7da5ec18855fc7aacd6c93edc83dbc9764",
                "sha256:29d70cbf5814bf91193cdac1ffc76240adfeb7c89a8070dc29e49674249542c2",
                "sha256:2e287347a241c3db125d58ec0c0c9f363fd7cbfdf2affc352c0f5bd4d0f0b799",
                "sha256:378021d27d168f6f09cf69eaaa9052c8ea48e103beb7d403fc978ad7d6dcdc3e",
                "sha256:399a64e99b3a327159e79cc20b6f0552e72e32bf6155d5521b0496cab26d1110",
                "sha256:3a7e40704f48038f5233b993d61ac3195beb748cfe8e8f4698349c5fecbe6280",
                "sha256:3b13c53d8629cced58bdee9ee3c3a4372097660dad7e8398b3f26267a942cb2e",
                "sha256:3ca9ab90a5d6fa91761a6151018819a9239b28c9cc2e8e1d679833bd0f5f939c",
                "sha256:3cf2fae5a9757491ed8756f580ece8312fea95e07be2b340ddef982a766a7ac7",
                "sha256:3ee64ab62c8fdc671c16b6d44bee12d598e0ad936b3a17e891404fd79f1f3d61",
                "sha256:4148753415a77f674a9f3ed372d68f9b6c0e83e6f2bcf91d3068462a40cb43cd",
                "sha256:4409bd44e5ffa1656bce5c8824155abc0e3151d07393c3434a28f812c5a123d0",
                "sha256:467ca88d704655f3e7429af2fa4649d602cb27ce289f26b833c207bf11d96830",
                "sha256:4c51ab4213d97f9e2287c5dd9f61fc44a2604be79246239ebadeae636b274596",
                "sha256:4e07ac0a4f44693bfc8df134b181268adfcdd7e73db9814901df3e051d9266fc",
                "sha256:4f31b53e611854ab300535f81038a83dbcd472814dd3a9970eeb201578df6262",
                "sha256:54be66645d5b2358b9294ff0349005789541ac9a4c3a10d60042685e2ea51ca0",
                "sha256:55d9cbee700697ae3a5a34045446d0890baada178fe6028604e8f2c9992470cb",
                "sha256:5816dee9ab69a18ca47a0d1d67086b2995910e11b7a0a2a2bae6e9ac63ac2828",
                "sha256:59ecece1b2b35d5fc6f1605d15e90d4342b0658b17158643e6a17b72e38da826",
                "sha256:5b3f2cef94b53f0d55d96c6309f1100110475c7b1fb907bc5f3fd2b0c940b238",
                "sha256:604dad6f6b34d767097b12a1ae84a128d899626c78e86e1180eff35d64f1a57d",
                "sha256:640fdfcb41865941c2fa4c0dfb9db6ab389d65e3266a464afeeff23f8f77fb24",
                "sha256:65586e7a33267e5725cf228c0f7b9e819ab60c0c88ccf9827c2e0526d43a1103",
                "sha256:6bb06bfe4c53f65d59bbe9101a8181c5e8dcde1ad0f778a4d502b599ebc213e6",
                "sha256:6d4950d0b5ebbe74ca549b2000474330988c88ae59a67b961e2cfdc18cd75003",
                "sha256:706bddba81c86330d92bbf080afef4a8c4f4fd86e0bc4a1975fac9b84c6758af",
                "sha256:76263e0c1207dfe9099805d1cf6147de05f638a598c8453cd8bb914aaf7520db",
                "sha256:77cd63017a8c35ead1a07f85c3ec4fa259bb2260332d69c6e9ae4c35b2c8e79f",
                "sha256:793c91e9c86d80850f2f40f1d3d5dce4f810f5aa6e5a80310fb8d32f5210f4df",
                "sha256:7d71ac38f1f178a8d3139e5560d95dabd4f894820a5627d0cd7535e9a255056a",
                "sha256:7e372d054af5b9652c7ba05fda93aec3bcb8f53dab21e61249c98a1596e48402",
                "sha256:8c9b972bc3dad5363f966912b8134b2ebfc1dc5a030e0835dc6c60f107390fe7",
                "sha256:969d518cc42be5f9f78fb7e6f42e51796e1ebce02219c93a03fcb29a7a3eb1e7",
                "sha256:a3461740b336424b836840f3568a56775e5fc988521cb6072aa3c3f2a589036c",
                "sha256:a3a15c874a1a30a9c4edb5ec55d96c1210f5974df51a6d69a367aace74378467",
                "sha256:a3fdde5f045de444875fa2c6822a1551dd03dcbb3a22fb52ded73744d7ebad55",
                "sha256:a7675ff09d87435b8f678d17e78211cb589ae805fd31579dc918e23c71710a6c",
                "sha256:a9a65f98a571083dc61419295aeb8d59170227227d4ba13d6d5b96a953a519aa",
                "sha256:b265aaab64dfb9db412ee315ff23f52f1986cf6e0989d719d90423baf4019d63",
                "sha256:b96bbcbf81ee9ee2e0c81a5f2a3bd0975a6dc0a6a9fc335f9b302a661999e3ed",
                "sha256:bdbb31db39b69d0f0e5ae83f99b8e28fa3ad7b7e05de6c5faa3cd52a4de20ef5",
                "sha256:c3f3c320272601223a036fecd942dd1258a15cebe88e18012cc88b2e6b813483",
                "sha256:c85b8fbd7c0e303a6d6e5731a7898f10e070dead30822b0481327dba74e7123c",
                "sha256:c939d2cc4015311e8aae68f52a6bc8e69c02b2c7166953fef9c1f06657aabdfc",
                "sha256:d6a866d5b8fc0f713440aafb9507f688f4d660c2f868093ae6cd0acb62d1a918",
                "sha256:d7c7e203e93f1eed57880f84505e7d2b4ece02e3ed7c6690ba90d0385f1a74b4",
                "sha256:d8d2fda2907c42ba3df720f0c7a704f36e09c586c8f7a4eed8b9db0e1d2fa79a",
                "sha256:db39f9065ed5b30081f8df71ced66cd29640b21e0091e2e5572ba0d70078f611",
                "sha256:db4772a9498023ce19f95b7aa86a8d94c8838269597361a986133373990be41f",
                "sha256:dd5dd67c074201664e4b80022128ef6eee8a007f2281d7099cd2114061af796a",
                "sha256:dfc2a91a23de91c9cedc9bc34742469ad7d1f177d4bf1a7a359af1adf9050e9b",
                "sha256:e5b450194731714cba9267e5c04e1f3622090c3ec43e1acba36744d92354da5e",
                "sha256:e7b324089cb59d700ed5cace6b39013f81473d1bf410da77a0d304ebadbc6eb9",
                "sha256:ea6041327840465f2450a1c8894a834a99aa4626a96f82547d9c042526eb1487",
                "sha256:eb72f906837cea3583fd9c91c6e286f8616360767703c837e7dfa1a70b123ad0",
                "sha256:f0b9edc564b1af9e9ac9cf932349136c74894ce2f699e00c1279b0fa5909d515",
                "sha256:f9e10c3bf07074377fbbff3d2b02d740c17602ce5d6c91455977bdb32fbbebe8",
                "sha256:fc43eb869c6baba54dda3264109354a5d0ea621c51ba945ff71308347f24a1c9"
            ],
            "markers": "python_version >= '3.6'",
            "version": "==1.16.0rc1"
        }
    }
}
